// !$*UTF8*$!
{
	archiveVersion = 1;
	classes = {
	};
	objectVersion = 55;
	objects = {

/* Begin PBXBuildFile section */
		0FC762912816DC4E0086EE05 /* AppDelegate.swift in Sources */ = {isa = PBXBuildFile; fileRef = 0FC762902816DC4E0086EE05 /* AppDelegate.swift */; };
		0FC762932816DC4E0086EE05 /* SceneDelegate.swift in Sources */ = {isa = PBXBuildFile; fileRef = 0FC762922816DC4E0086EE05 /* SceneDelegate.swift */; };
		0FC762952816DC4E0086EE05 /* ViewController.swift in Sources */ = {isa = PBXBuildFile; fileRef = 0FC762942816DC4E0086EE05 /* ViewController.swift */; };
		0FC762982816DC4E0086EE05 /* Main.storyboard in Resources */ = {isa = PBXBuildFile; fileRef = 0FC762962816DC4E0086EE05 /* Main.storyboard */; };
		0FC7629A2816DC4E0086EE05 /* Assets.xcassets in Resources */ = {isa = PBXBuildFile; fileRef = 0FC762992816DC4E0086EE05 /* Assets.xcassets */; };
		0FC7629D2816DC4E0086EE05 /* LaunchScreen.storyboard in Resources */ = {isa = PBXBuildFile; fileRef = 0FC7629B2816DC4E0086EE05 /* LaunchScreen.storyboard */; };
		0FC762AB2816DD210086EE05 /* UniformTypeIdentifiers.framework in Frameworks */ = {isa = PBXBuildFile; fileRef = 0FC762AA2816DD210086EE05 /* UniformTypeIdentifiers.framework */; };
		0FC762AE2816DD210086EE05 /* Media.xcassets in Resources */ = {isa = PBXBuildFile; fileRef = 0FC762AD2816DD210086EE05 /* Media.xcassets */; };
		0FC762B02816DD210086EE05 /* ActionViewController.swift in Sources */ = {isa = PBXBuildFile; fileRef = 0FC762AF2816DD210086EE05 /* ActionViewController.swift */; };
		0FC762B32816DD210086EE05 /* MainInterface.storyboard in Resources */ = {isa = PBXBuildFile; fileRef = 0FC762B12816DD210086EE05 /* MainInterface.storyboard */; };
		0FC762B72816DD210086EE05 /* Extension.appex in Embed App Extensions */ = {isa = PBXBuildFile; fileRef = 0FC762A82816DD210086EE05 /* Extension.appex */; settings = {ATTRIBUTES = (RemoveHeadersOnCopy, ); }; };
		0FC762BD2816DFB90086EE05 /* Action.js in Resources */ = {isa = PBXBuildFile; fileRef = 0FC762BC2816DFB90086EE05 /* Action.js */; };
		0FC762BF281AD1E50086EE05 /* UserScript.swift in Sources */ = {isa = PBXBuildFile; fileRef = 0FC762BE281AD1E50086EE05 /* UserScript.swift */; };
		0FC762C1281AD2420086EE05 /* LoadViewController.swift in Sources */ = {isa = PBXBuildFile; fileRef = 0FC762C0281AD2420086EE05 /* LoadViewController.swift */; };
/* End PBXBuildFile section */

/* Begin PBXContainerItemProxy section */
		0FC762B52816DD210086EE05 /* PBXContainerItemProxy */ = {
			isa = PBXContainerItemProxy;
			containerPortal = 0FC762852816DC4E0086EE05 /* Project object */;
			proxyType = 1;
			remoteGlobalIDString = 0FC762A72816DD210086EE05;
			remoteInfo = Extension;
		};
/* End PBXContainerItemProxy section */

/* Begin PBXCopyFilesBuildPhase section */
		0FC762BB2816DD210086EE05 /* Embed App Extensions */ = {
			isa = PBXCopyFilesBuildPhase;
			buildActionMask = 2147483647;
			dstPath = "";
			dstSubfolderSpec = 13;
			files = (
				0FC762B72816DD210086EE05 /* Extension.appex in Embed App Extensions */,
			);
			name = "Embed App Extensions";
			runOnlyForDeploymentPostprocessing = 0;
		};
/* End PBXCopyFilesBuildPhase section */

/* Begin PBXFileReference section */
		0FC7628D2816DC4E0086EE05 /* Project19.app */ = {isa = PBXFileReference; explicitFileType = wrapper.application; includeInIndex = 0; path = Project19.app; sourceTree = BUILT_PRODUCTS_DIR; };
		0FC762902816DC4E0086EE05 /* AppDelegate.swift */ = {isa = PBXFileReference; lastKnownFileType = sourcecode.swift; path = AppDelegate.swift; sourceTree = "<group>"; };
		0FC762922816DC4E0086EE05 /* SceneDelegate.swift */ = {isa = PBXFileReference; lastKnownFileType = sourcecode.swift; path = SceneDelegate.swift; sourceTree = "<group>"; };
		0FC762942816DC4E0086EE05 /* ViewController.swift */ = {isa = PBXFileReference; lastKnownFileType = sourcecode.swift; path = ViewController.swift; sourceTree = "<group>"; };
		0FC762972816DC4E0086EE05 /* Base */ = {isa = PBXFileReference; lastKnownFileType = file.storyboard; name = Base; path = Base.lproj/Main.storyboard; sourceTree = "<group>"; };
		0FC762992816DC4E0086EE05 /* Assets.xcassets */ = {isa = PBXFileReference; lastKnownFileType = folder.assetcatalog; path = Assets.xcassets; sourceTree = "<group>"; };
		0FC7629C2816DC4E0086EE05 /* Base */ = {isa = PBXFileReference; lastKnownFileType = file.storyboard; name = Base; path = Base.lproj/LaunchScreen.storyboard; sourceTree = "<group>"; };
		0FC7629E2816DC4E0086EE05 /* Info.plist */ = {isa = PBXFileReference; lastKnownFileType = text.plist.xml; path = Info.plist; sourceTree = "<group>"; };
		0FC762A82816DD210086EE05 /* Extension.appex */ = {isa = PBXFileReference; explicitFileType = "wrapper.app-extension"; includeInIndex = 0; path = Extension.appex; sourceTree = BUILT_PRODUCTS_DIR; };
		0FC762AA2816DD210086EE05 /* UniformTypeIdentifiers.framework */ = {isa = PBXFileReference; lastKnownFileType = wrapper.framework; name = UniformTypeIdentifiers.framework; path = System/Library/Frameworks/UniformTypeIdentifiers.framework; sourceTree = SDKROOT; };
		0FC762AD2816DD210086EE05 /* Media.xcassets */ = {isa = PBXFileReference; lastKnownFileType = folder.assetcatalog; path = Media.xcassets; sourceTree = "<group>"; };
		0FC762AF2816DD210086EE05 /* ActionViewController.swift */ = {isa = PBXFileReference; lastKnownFileType = sourcecode.swift; path = ActionViewController.swift; sourceTree = "<group>"; };
		0FC762B22816DD210086EE05 /* Base */ = {isa = PBXFileReference; lastKnownFileType = file.storyboard; name = Base; path = Base.lproj/MainInterface.storyboard; sourceTree = "<group>"; };
		0FC762B42816DD210086EE05 /* Info.plist */ = {isa = PBXFileReference; lastKnownFileType = text.plist.xml; path = Info.plist; sourceTree = "<group>"; };
		0FC762BC2816DFB90086EE05 /* Action.js */ = {isa = PBXFileReference; lastKnownFileType = sourcecode.javascript; path = Action.js; sourceTree = "<group>"; };
		0FC762BE281AD1E50086EE05 /* UserScript.swift */ = {isa = PBXFileReference; lastKnownFileType = sourcecode.swift; path = UserScript.swift; sourceTree = "<group>"; };
		0FC762C0281AD2420086EE05 /* LoadViewController.swift */ = {isa = PBXFileReference; lastKnownFileType = sourcecode.swift; path = LoadViewController.swift; sourceTree = "<group>"; };
/* End PBXFileReference section */

/* Begin PBXFrameworksBuildPhase section */
		0FC7628A2816DC4E0086EE05 /* Frameworks */ = {
			isa = PBXFrameworksBuildPhase;
			buildActionMask = 2147483647;
			files = (
			);
			runOnlyForDeploymentPostprocessing = 0;
		};
		0FC762A52816DD210086EE05 /* Frameworks */ = {
			isa = PBXFrameworksBuildPhase;
			buildActionMask = 2147483647;
			files = (
				0FC762AB2816DD210086EE05 /* UniformTypeIdentifiers.framework in Frameworks */,
			);
			runOnlyForDeploymentPostprocessing = 0;
		};
/* End PBXFrameworksBuildPhase section */

/* Begin PBXGroup section */
		0FC762842816DC4E0086EE05 = {
			isa = PBXGroup;
			children = (
				0FC7628F2816DC4E0086EE05 /* Project19 */,
				0FC762AC2816DD210086EE05 /* Extension */,
				0FC762A92816DD210086EE05 /* Frameworks */,
				0FC7628E2816DC4E0086EE05 /* Products */,
			);
			sourceTree = "<group>";
		};
		0FC7628E2816DC4E0086EE05 /* Products */ = {
			isa = PBXGroup;
			children = (
				0FC7628D2816DC4E0086EE05 /* Project19.app */,
				0FC762A82816DD210086EE05 /* Extension.appex */,
			);
			name = Products;
			sourceTree = "<group>";
		};
		0FC7628F2816DC4E0086EE05 /* Project19 */ = {
			isa = PBXGroup;
			children = (
				0FC762902816DC4E0086EE05 /* AppDelegate.swift */,
				0FC762922816DC4E0086EE05 /* SceneDelegate.swift */,
				0FC762942816DC4E0086EE05 /* ViewController.swift */,
				0FC762962816DC4E0086EE05 /* Main.storyboard */,
				0FC762992816DC4E0086EE05 /* Assets.xcassets */,
				0FC7629B2816DC4E0086EE05 /* LaunchScreen.storyboard */,
				0FC7629E2816DC4E0086EE05 /* Info.plist */,
			);
			path = Project19;
			sourceTree = "<group>";
		};
		0FC762A92816DD210086EE05 /* Frameworks */ = {
			isa = PBXGroup;
			children = (
				0FC762AA2816DD210086EE05 /* UniformTypeIdentifiers.framework */,
			);
			name = Frameworks;
			sourceTree = "<group>";
		};
		0FC762AC2816DD210086EE05 /* Extension */ = {
			isa = PBXGroup;
			children = (
				0FC762AD2816DD210086EE05 /* Media.xcassets */,
				0FC762BE281AD1E50086EE05 /* UserScript.swift */,
				0FC762AF2816DD210086EE05 /* ActionViewController.swift */,
				0FC762C0281AD2420086EE05 /* LoadViewController.swift */,
				0FC762B12816DD210086EE05 /* MainInterface.storyboard */,
				0FC762B42816DD210086EE05 /* Info.plist */,
				0FC762BC2816DFB90086EE05 /* Action.js */,
			);
			path = Extension;
			sourceTree = "<group>";
		};
/* End PBXGroup section */

/* Begin PBXNativeTarget section */
		0FC7628C2816DC4E0086EE05 /* Project19 */ = {
			isa = PBXNativeTarget;
			buildConfigurationList = 0FC762A12816DC4E0086EE05 /* Build configuration list for PBXNativeTarget "Project19" */;
			buildPhases = (
				0FC762892816DC4E0086EE05 /* Sources */,
				0FC7628A2816DC4E0086EE05 /* Frameworks */,
				0FC7628B2816DC4E0086EE05 /* Resources */,
				0FC762BB2816DD210086EE05 /* Embed App Extensions */,
			);
			buildRules = (
			);
			dependencies = (
				0FC762B62816DD210086EE05 /* PBXTargetDependency */,
			);
			name = Project19;
			productName = Project19;
			productReference = 0FC7628D2816DC4E0086EE05 /* Project19.app */;
			productType = "com.apple.product-type.application";
		};
		0FC762A72816DD210086EE05 /* Extension */ = {
			isa = PBXNativeTarget;
			buildConfigurationList = 0FC762B82816DD210086EE05 /* Build configuration list for PBXNativeTarget "Extension" */;
			buildPhases = (
				0FC762A42816DD210086EE05 /* Sources */,
				0FC762A52816DD210086EE05 /* Frameworks */,
				0FC762A62816DD210086EE05 /* Resources */,
			);
			buildRules = (
			);
			dependencies = (
			);
			name = Extension;
			productName = Extension;
			productReference = 0FC762A82816DD210086EE05 /* Extension.appex */;
			productType = "com.apple.product-type.app-extension";
		};
/* End PBXNativeTarget section */

/* Begin PBXProject section */
		0FC762852816DC4E0086EE05 /* Project object */ = {
			isa = PBXProject;
			attributes = {
				BuildIndependentTargetsInParallel = 1;
				LastSwiftUpdateCheck = 1330;
				LastUpgradeCheck = 1330;
				TargetAttributes = {
					0FC7628C2816DC4E0086EE05 = {
						CreatedOnToolsVersion = 13.3;
					};
					0FC762A72816DD210086EE05 = {
						CreatedOnToolsVersion = 13.3;
					};
				};
			};
			buildConfigurationList = 0FC762882816DC4E0086EE05 /* Build configuration list for PBXProject "Project19" */;
			compatibilityVersion = "Xcode 13.0";
			developmentRegion = en;
			hasScannedForEncodings = 0;
			knownRegions = (
				en,
				Base,
			);
			mainGroup = 0FC762842816DC4E0086EE05;
			productRefGroup = 0FC7628E2816DC4E0086EE05 /* Products */;
			projectDirPath = "";
			projectRoot = "";
			targets = (
				0FC7628C2816DC4E0086EE05 /* Project19 */,
				0FC762A72816DD210086EE05 /* Extension */,
			);
		};
/* End PBXProject section */

/* Begin PBXResourcesBuildPhase section */
		0FC7628B2816DC4E0086EE05 /* Resources */ = {
			isa = PBXResourcesBuildPhase;
			buildActionMask = 2147483647;
			files = (
				0FC7629D2816DC4E0086EE05 /* LaunchScreen.storyboard in Resources */,
				0FC7629A2816DC4E0086EE05 /* Assets.xcassets in Resources */,
				0FC762982816DC4E0086EE05 /* Main.storyboard in Resources */,
			);
			runOnlyForDeploymentPostprocessing = 0;
		};
		0FC762A62816DD210086EE05 /* Resources */ = {
			isa = PBXResourcesBuildPhase;
			buildActionMask = 2147483647;
			files = (
				0FC762BD2816DFB90086EE05 /* Action.js in Resources */,
				0FC762AE2816DD210086EE05 /* Media.xcassets in Resources */,
				0FC762B32816DD210086EE05 /* MainInterface.storyboard in Resources */,
			);
			runOnlyForDeploymentPostprocessing = 0;
		};
/* End PBXResourcesBuildPhase section */

/* Begin PBXSourcesBuildPhase section */
		0FC762892816DC4E0086EE05 /* Sources */ = {
			isa = PBXSourcesBuildPhase;
			buildActionMask = 2147483647;
			files = (
				0FC762952816DC4E0086EE05 /* ViewController.swift in Sources */,
				0FC762912816DC4E0086EE05 /* AppDelegate.swift in Sources */,
				0FC762932816DC4E0086EE05 /* SceneDelegate.swift in Sources */,
			);
			runOnlyForDeploymentPostprocessing = 0;
		};
		0FC762A42816DD210086EE05 /* Sources */ = {
			isa = PBXSourcesBuildPhase;
			buildActionMask = 2147483647;
			files = (
				0FC762C1281AD2420086EE05 /* LoadViewController.swift in Sources */,
				0FC762B02816DD210086EE05 /* ActionViewController.swift in Sources */,
				0FC762BF281AD1E50086EE05 /* UserScript.swift in Sources */,
			);
			runOnlyForDeploymentPostprocessing = 0;
		};
/* End PBXSourcesBuildPhase section */

/* Begin PBXTargetDependency section */
		0FC762B62816DD210086EE05 /* PBXTargetDependency */ = {
			isa = PBXTargetDependency;
			target = 0FC762A72816DD210086EE05 /* Extension */;
			targetProxy = 0FC762B52816DD210086EE05 /* PBXContainerItemProxy */;
		};
/* End PBXTargetDependency section */

/* Begin PBXVariantGroup section */
		0FC762962816DC4E0086EE05 /* Main.storyboard */ = {
			isa = PBXVariantGroup;
			children = (
				0FC762972816DC4E0086EE05 /* Base */,
			);
			name = Main.storyboard;
			sourceTree = "<group>";
		};
		0FC7629B2816DC4E0086EE05 /* LaunchScreen.storyboard */ = {
			isa = PBXVariantGroup;
			children = (
				0FC7629C2816DC4E0086EE05 /* Base */,
			);
			name = LaunchScreen.storyboard;
			sourceTree = "<group>";
		};
		0FC762B12816DD210086EE05 /* MainInterface.storyboard */ = {
			isa = PBXVariantGroup;
			children = (
				0FC762B22816DD210086EE05 /* Base */,
			);
			name = MainInterface.storyboard;
			sourceTree = "<group>";
		};
/* End PBXVariantGroup section */

/* Begin XCBuildConfiguration section */
		0FC7629F2816DC4E0086EE05 /* Debug */ = {
			isa = XCBuildConfiguration;
			buildSettings = {
				ALWAYS_SEARCH_USER_PATHS = NO;
				CLANG_ANALYZER_NONNULL = YES;
				CLANG_ANALYZER_NUMBER_OBJECT_CONVERSION = YES_AGGRESSIVE;
				CLANG_CXX_LANGUAGE_STANDARD = "gnu++17";
				CLANG_ENABLE_MODULES = YES;
				CLANG_ENABLE_OBJC_ARC = YES;
				CLANG_ENABLE_OBJC_WEAK = YES;
				CLANG_WARN_BLOCK_CAPTURE_AUTORELEASING = YES;
				CLANG_WARN_BOOL_CONVERSION = YES;
				CLANG_WARN_COMMA = YES;
				CLANG_WARN_CONSTANT_CONVERSION = YES;
				CLANG_WARN_DEPRECATED_OBJC_IMPLEMENTATIONS = YES;
				CLANG_WARN_DIRECT_OBJC_ISA_USAGE = YES_ERROR;
				CLANG_WARN_DOCUMENTATION_COMMENTS = YES;
				CLANG_WARN_EMPTY_BODY = YES;
				CLANG_WARN_ENUM_CONVERSION = YES;
				CLANG_WARN_INFINITE_RECURSION = YES;
				CLANG_WARN_INT_CONVERSION = YES;
				CLANG_WARN_NON_LITERAL_NULL_CONVERSION = YES;
				CLANG_WARN_OBJC_IMPLICIT_RETAIN_SELF = YES;
				CLANG_WARN_OBJC_LITERAL_CONVERSION = YES;
				CLANG_WARN_OBJC_ROOT_CLASS = YES_ERROR;
				CLANG_WARN_QUOTED_INCLUDE_IN_FRAMEWORK_HEADER = YES;
				CLANG_WARN_RANGE_LOOP_ANALYSIS = YES;
				CLANG_WARN_STRICT_PROTOTYPES = YES;
				CLANG_WARN_SUSPICIOUS_MOVE = YES;
				CLANG_WARN_UNGUARDED_AVAILABILITY = YES_AGGRESSIVE;
				CLANG_WARN_UNREACHABLE_CODE = YES;
				CLANG_WARN__DUPLICATE_METHOD_MATCH = YES;
				COPY_PHASE_STRIP = NO;
				DEBUG_INFORMATION_FORMAT = dwarf;
				ENABLE_STRICT_OBJC_MSGSEND = YES;
				ENABLE_TESTABILITY = YES;
				GCC_C_LANGUAGE_STANDARD = gnu11;
				GCC_DYNAMIC_NO_PIC = NO;
				GCC_NO_COMMON_BLOCKS = YES;
				GCC_OPTIMIZATION_LEVEL = 0;
				GCC_PREPROCESSOR_DEFINITIONS = (
					"DEBUG=1",
					"$(inherited)",
				);
				GCC_WARN_64_TO_32_BIT_CONVERSION = YES;
				GCC_WARN_ABOUT_RETURN_TYPE = YES_ERROR;
				GCC_WARN_UNDECLARED_SELECTOR = YES;
				GCC_WARN_UNINITIALIZED_AUTOS = YES_AGGRESSIVE;
				GCC_WARN_UNUSED_FUNCTION = YES;
				GCC_WARN_UNUSED_VARIABLE = YES;
				IPHONEOS_DEPLOYMENT_TARGET = 15.4;
				MTL_ENABLE_DEBUG_INFO = INCLUDE_SOURCE;
				MTL_FAST_MATH = YES;
				ONLY_ACTIVE_ARCH = YES;
				SDKROOT = iphoneos;
				SWIFT_ACTIVE_COMPILATION_CONDITIONS = DEBUG;
				SWIFT_OPTIMIZATION_LEVEL = "-Onone";
			};
			name = Debug;
		};
		0FC762A02816DC4E0086EE05 /* Release */ = {
			isa = XCBuildConfiguration;
			buildSettings = {
				ALWAYS_SEARCH_USER_PATHS = NO;
				CLANG_ANALYZER_NONNULL = YES;
				CLANG_ANALYZER_NUMBER_OBJECT_CONVERSION = YES_AGGRESSIVE;
				CLANG_CXX_LANGUAGE_STANDARD = "gnu++17";
				CLANG_ENABLE_MODULES = YES;
				CLANG_ENABLE_OBJC_ARC = YES;
				CLANG_ENABLE_OBJC_WEAK = YES;
				CLANG_WARN_BLOCK_CAPTURE_AUTORELEASING = YES;
				CLANG_WARN_BOOL_CONVERSION = YES;
				CLANG_WARN_COMMA = YES;
				CLANG_WARN_CONSTANT_CONVERSION = YES;
				CLANG_WARN_DEPRECATED_OBJC_IMPLEMENTATIONS = YES;
				CLANG_WARN_DIRECT_OBJC_ISA_USAGE = YES_ERROR;
				CLANG_WARN_DOCUMENTATION_COMMENTS = YES;
				CLANG_WARN_EMPTY_BODY = YES;
				CLANG_WARN_ENUM_CONVERSION = YES;
				CLANG_WARN_INFINITE_RECURSION = YES;
				CLANG_WARN_INT_CONVERSION = YES;
				CLANG_WARN_NON_LITERAL_NULL_CONVERSION = YES;
				CLANG_WARN_OBJC_IMPLICIT_RETAIN_SELF = YES;
				CLANG_WARN_OBJC_LITERAL_CONVERSION = YES;
				CLANG_WARN_OBJC_ROOT_CLASS = YES_ERROR;
				CLANG_WARN_QUOTED_INCLUDE_IN_FRAMEWORK_HEADER = YES;
				CLANG_WARN_RANGE_LOOP_ANALYSIS = YES;
				CLANG_WARN_STRICT_PROTOTYPES = YES;
				CLANG_WARN_SUSPICIOUS_MOVE = YES;
				CLANG_WARN_UNGUARDED_AVAILABILITY = YES_AGGRESSIVE;
				CLANG_WARN_UNREACHABLE_CODE = YES;
				CLANG_WARN__DUPLICATE_METHOD_MATCH = YES;
				COPY_PHASE_STRIP = NO;
				DEBUG_INFORMATION_FORMAT = "dwarf-with-dsym";
				ENABLE_NS_ASSERTIONS = NO;
				ENABLE_STRICT_OBJC_MSGSEND = YES;
				GCC_C_LANGUAGE_STANDARD = gnu11;
				GCC_NO_COMMON_BLOCKS = YES;
				GCC_WARN_64_TO_32_BIT_CONVERSION = YES;
				GCC_WARN_ABOUT_RETURN_TYPE = YES_ERROR;
				GCC_WARN_UNDECLARED_SELECTOR = YES;
				GCC_WARN_UNINITIALIZED_AUTOS = YES_AGGRESSIVE;
				GCC_WARN_UNUSED_FUNCTION = YES;
				GCC_WARN_UNUSED_VARIABLE = YES;
				IPHONEOS_DEPLOYMENT_TARGET = 15.4;
				MTL_ENABLE_DEBUG_INFO = NO;
				MTL_FAST_MATH = YES;
				SDKROOT = iphoneos;
				SWIFT_COMPILATION_MODE = wholemodule;
				SWIFT_OPTIMIZATION_LEVEL = "-O";
				VALIDATE_PRODUCT = YES;
			};
			name = Release;
		};
		0FC762A22816DC4E0086EE05 /* Debug */ = {
			isa = XCBuildConfiguration;
			buildSettings = {
				ALWAYS_EMBED_SWIFT_STANDARD_LIBRARIES = YES;
				ASSETCATALOG_COMPILER_APPICON_NAME = AppIcon;
				ASSETCATALOG_COMPILER_GLOBAL_ACCENT_COLOR_NAME = AccentColor;
				CODE_SIGN_STYLE = Automatic;
				CURRENT_PROJECT_VERSION = 1;
				DEVELOPMENT_TEAM = 9DP698PQ5X;
				GENERATE_INFOPLIST_FILE = YES;
				INFOPLIST_FILE = Project19/Info.plist;
				INFOPLIST_KEY_UIApplicationSupportsIndirectInputEvents = YES;
				INFOPLIST_KEY_UILaunchStoryboardName = LaunchScreen;
				INFOPLIST_KEY_UIMainStoryboardFile = Main;
				INFOPLIST_KEY_UISupportedInterfaceOrientations_iPad = "UIInterfaceOrientationPortrait UIInterfaceOrientationPortraitUpsideDown UIInterfaceOrientationLandscapeLeft UIInterfaceOrientationLandscapeRight";
				INFOPLIST_KEY_UISupportedInterfaceOrientations_iPhone = "UIInterfaceOrientationPortrait UIInterfaceOrientationLandscapeLeft UIInterfaceOrientationLandscapeRight";
				LD_RUNPATH_SEARCH_PATHS = (
					"$(inherited)",
					"@executable_path/Frameworks",
				);
				MARKETING_VERSION = 1.0;
				PRODUCT_BUNDLE_IDENTIFIER = com.brianjcoleman.Project19;
				PRODUCT_NAME = "$(TARGET_NAME)";
				SWIFT_EMIT_LOC_STRINGS = YES;
				SWIFT_VERSION = 5.0;
				TARGETED_DEVICE_FAMILY = "1,2";
			};
			name = Debug;
		};
		0FC762A32816DC4E0086EE05 /* Release */ = {
			isa = XCBuildConfiguration;
			buildSettings = {
				ALWAYS_EMBED_SWIFT_STANDARD_LIBRARIES = YES;
				ASSETCATALOG_COMPILER_APPICON_NAME = AppIcon;
				ASSETCATALOG_COMPILER_GLOBAL_ACCENT_COLOR_NAME = AccentColor;
				CODE_SIGN_STYLE = Automatic;
				CURRENT_PROJECT_VERSION = 1;
				DEVELOPMENT_TEAM = 9DP698PQ5X;
				GENERATE_INFOPLIST_FILE = YES;
				INFOPLIST_FILE = Project19/Info.plist;
				INFOPLIST_KEY_UIApplicationSupportsIndirectInputEvents = YES;
				INFOPLIST_KEY_UILaunchStoryboardName = LaunchScreen;
				INFOPLIST_KEY_UIMainStoryboardFile = Main;
				INFOPLIST_KEY_UISupportedInterfaceOrientations_iPad = "UIInterfaceOrientationPortrait UIInterfaceOrientationPortraitUpsideDown UIInterfaceOrientationLandscapeLeft UIInterfaceOrientationLandscapeRight";
				INFOPLIST_KEY_UISupportedInterfaceOrientations_iPhone = "UIInterfaceOrientationPortrait UIInterfaceOrientationLandscapeLeft UIInterfaceOrientationLandscapeRight";
				LD_RUNPATH_SEARCH_PATHS = (
					"$(inherited)",
					"@executable_path/Frameworks",
				);
				MARKETING_VERSION = 1.0;
				PRODUCT_BUNDLE_IDENTIFIER = com.brianjcoleman.Project19;
				PRODUCT_NAME = "$(TARGET_NAME)";
				SWIFT_EMIT_LOC_STRINGS = YES;
				SWIFT_VERSION = 5.0;
				TARGETED_DEVICE_FAMILY = "1,2";
			};
			name = Release;
		};
		0FC762B92816DD210086EE05 /* Debug */ = {
			isa = XCBuildConfiguration;
			buildSettings = {
				CODE_SIGN_STYLE = Automatic;
				CURRENT_PROJECT_VERSION = 1;
				DEVELOPMENT_TEAM = 9DP698PQ5X;
				GENERATE_INFOPLIST_FILE = YES;
				INFOPLIST_FILE = Extension/Info.plist;
				INFOPLIST_KEY_CFBundleDisplayName = Extension;
				INFOPLIST_KEY_NSHumanReadableCopyright = "";
				LD_RUNPATH_SEARCH_PATHS = (
					"$(inherited)",
					"@executable_path/Frameworks",
					"@executable_path/../../Frameworks",
				);
				MARKETING_VERSION = 1.0;
				PRODUCT_BUNDLE_IDENTIFIER = com.brianjcoleman.Project19.Extension;
				PRODUCT_NAME = "$(TARGET_NAME)";
				SKIP_INSTALL = YES;
				SWIFT_EMIT_LOC_STRINGS = YES;
				SWIFT_VERSION = 5.0;
				TARGETED_DEVICE_FAMILY = "1,2";
			};
			name = Debug;
		};
		0FC762BA2816DD210086EE05 /* Release */ = {
			isa = XCBuildConfiguration;
			buildSettings = {
				CODE_SIGN_STYLE = Automatic;
				CURRENT_PROJECT_VERSION = 1;
				DEVELOPMENT_TEAM = 9DP698PQ5X;
				GENERATE_INFOPLIST_FILE = YES;
				INFOPLIST_FILE = Extension/Info.plist;
				INFOPLIST_KEY_CFBundleDisplayName = Extension;
				INFOPLIST_KEY_NSHumanReadableCopyright = "";
				LD_RUNPATH_SEARCH_PATHS = (
					"$(inherited)",
					"@executable_path/Frameworks",
					"@executable_path/../../Frameworks",
				);
				MARKETING_VERSION = 1.0;
				PRODUCT_BUNDLE_IDENTIFIER = com.brianjcoleman.Project19.Extension;
				PRODUCT_NAME = "$(TARGET_NAME)";
				SKIP_INSTALL = YES;
				SWIFT_EMIT_LOC_STRINGS = YES;
				SWIFT_VERSION = 5.0;
				TARGETED_DEVICE_FAMILY = "1,2";
			};
			name = Release;
		};
/* End XCBuildConfiguration section */

/* Begin XCConfigurationList section */
		0FC762882816DC4E0086EE05 /* Build configuration list for PBXProject "Project19" */ = {
			isa = XCConfigurationList;
			buildConfigurations = (
				0FC7629F2816DC4E0086EE05 /* Debug */,
				0FC762A02816DC4E0086EE05 /* Release */,
			);
			defaultConfigurationIsVisible = 0;
			defaultConfigurationName = Release;
		};
		0FC762A12816DC4E0086EE05 /* Build configuration list for PBXNativeTarget "Project19" */ = {
			isa = XCConfigurationList;
			buildConfigurations = (
				0FC762A22816DC4E0086EE05 /* Debug */,
				0FC762A32816DC4E0086EE05 /* Release */,
			);
			defaultConfigurationIsVisible = 0;
			defaultConfigurationName = Release;
		};
		0FC762B82816DD210086EE05 /* Build configuration list for PBXNativeTarget "Extension" */ = {
			isa = XCConfigurationList;
			buildConfigurations = (
				0FC762B92816DD210086EE05 /* Debug */,
				0FC762BA2816DD210086EE05 /* Release */,
			);
			defaultConfigurationIsVisible = 0;
			defaultConfigurationName = Release;
		};
/* End XCConfigurationList section */
	};
	rootObject = 0FC762852816DC4E0086EE05 /* Project object */;
}
